
Microsoft Visual Studio Solution File, Format Version 12.00
# Visual Studio Version 17
VisualStudioVersion = 17.14.36414.22 d17.14
MinimumVisualStudioVersion = 10.0.40219.1
Project("{FAE04EC0-301F-11D3-BF4B-00C04F79EFBC}") = "intento de solucion", "intento de solucion\intento de solucion.csproj", "{D18B9840-6B10-4E15-A5D4-DC51B0E72A96}"
EndProject
Global
	GlobalSection(SolutionConfigurationPlatforms) = preSolution
		Debug|Any CPU = Debug|Any CPU
		Release|Any CPU = Release|Any CPU
	EndGlobalSection
	GlobalSection(ProjectConfigurationPlatforms) = postSolution
		{D18B9840-6B10-4E15-A5D4-DC51B0E72A96}.Debug|Any CPU.ActiveCfg = Debug|Any CPU
		{D18B9840-6B10-4E15-A5D4-DC51B0E72A96}.Debug|Any CPU.Build.0 = Debug|Any CPU
		{D18B9840-6B10-4E15-A5D4-DC51B0E72A96}.Release|Any CPU.ActiveCfg = Release|Any CPU
		{D18B9840-6B10-4E15-A5D4-DC51B0E72A96}.Release|Any CPU.Build.0 = Release|Any CPU
	EndGlobalSection
	GlobalSection(SolutionProperties) = preSolution
		HideSolutionNode = FALSE
	EndGlobalSection
	GlobalSection(ExtensibilityGlobals) = postSolution
		SolutionGuid = {6090B2A2-83AB-4A9E-B361-06708CF806D4}
	EndGlobalSection
EndGlobal
